<Solution>
  <Folder Name="/BuildingBlocks/" />
  <Folder Name="/BuildingBlocks/src/">
    <Project Path="BuildingBlocks/src/BuildingBlocks.Application/BuildingBlocks.Application.csproj" />
    <Project Path="BuildingBlocks/src/BuildingBlocks.Domain/BuildingBlocks.Domain.csproj" />
    <Project Path="BuildingBlocks/src/BuildingBlocks.Infrastructure/BuildingBlocks.Infrastructure.csproj" />
    <Project Path="BuildingBlocks/src/BuildingBlocks.Persistence.Adapters/BuildingBlocks.Persistence.Adapters.csproj" />
    <Project Path="BuildingBlocks/src/BuildingBlocks.Runtime.Wolverine/BuildingBlocks.Runtime.Wolverine.csproj" />
    <Project Path="BuildingBlocks/src/BuildingBlocks.Messaging.Wolverine.RabbitMq/BuildingBlocks.Messaging.Wolverine.RabbitMq.csproj" />
    <Project Path="BuildingBlocks/src/BuildingBlocks.Persistence.EfCore.Postgres/BuildingBlocks.Persistence.EfCore.Postgres.csproj" />
    <Project Path="BuildingBlocks/src/BuildingBlocks.EventSourcing.Marten/BuildingBlocks.EventSourcing.Marten.csproj" />
  </Folder>
  <Folder Name="/BuildingBlocks/tests/">
    <Project Path="BuildingBlocks/tests/BuildingBlocks.Application.Tests/BuildingBlocks.Application.Tests.csproj" />
    <Project Path="BuildingBlocks/tests/BuildingBlocks.Domain.Tests/BuildingBlocks.Domain.Tests.csproj" />
    <Project Path="BuildingBlocks/tests/BuildingBlocks.Infrastructure.Tests/BuildingBlocks.Infrastructure.Tests.csproj" />
    <Project Path="BuildingBlocks/tests/BuildingBlocks.EventSourcing.Marten.Tests/BuildingBlocks.EventSourcing.Marten.Tests.csproj" />
    <Project Path="BuildingBlocks/tests/BuildingBlocks.Messaging.Wolverine.RabbitMq.Tests/BuildingBlocks.Messaging.Wolverine.RabbitMq.Tests.csproj" />
    <Project Path="BuildingBlocks/tests/BuildingBlocks.PackageConventions.Tests/BuildingBlocks.PackageConventions.Tests.csproj" />
    <Project Path="BuildingBlocks/tests/BuildingBlocks.Persistence.Adapters.Tests/BuildingBlocks.Persistence.Adapters.Tests.csproj" />
    <Project Path="BuildingBlocks/tests/BuildingBlocks.Persistence.EfCore.Postgres.Tests/BuildingBlocks.Persistence.EfCore.Postgres.Tests.csproj" />
    <Project Path="BuildingBlocks/tests/BuildingBlocks.Runtime.Wolverine.Tests/BuildingBlocks.Runtime.Wolverine.Tests.csproj" />
    <Project Path="BuildingBlocks/tests/BuildingBlocks.TestSupport/BuildingBlocks.TestSupport.csproj" />
    <Project Path="BuildingBlocks/tests/BuildingBlocks.TestSupport.Containers/BuildingBlocks.TestSupport.Containers.csproj" />
    <Project Path="BuildingBlocks/tests/BuildingBlocks.TestSupport.EfCore/BuildingBlocks.TestSupport.EfCore.csproj" />
  </Folder>
  <Folder Name="/BuildingBlocks/tests/ExternalAssemblies/">
    <Project Path="BuildingBlocks/tests/ExternalAssemblies/AmbiguousRequestsFixture/AmbiguousRequestsFixture.csproj" />
    <Project Path="BuildingBlocks/tests/ExternalAssemblies/ConflictingHandlersFixture/ConflictingHandlersFixture.csproj" />
    <Project Path="BuildingBlocks/tests/ExternalAssemblies/DeadLetterFixture/DeadLetterFixture.csproj" />
    <Project Path="BuildingBlocks/tests/ExternalAssemblies/HullFixture/HullFixture.csproj" />
    <Project Path="BuildingBlocks/tests/ExternalAssemblies/OrphanRequestsFixture/OrphanRequestsFixture.csproj" />
    <Project Path="BuildingBlocks/tests/ExternalAssemblies/SchemaFixture/SchemaFixture.csproj" />
    <Project Path="BuildingBlocks/tests/ExternalAssemblies/SchemaGapFixture/SchemaGapFixture.csproj" />
    <Project Path="BuildingBlocks/tests/ExternalAssemblies/ValidHandlersFixture/ValidHandlersFixture.csproj" />
  </Folder>
  <Folder Name="/BuildingBlocks/tests/MatrixHosts/">
    <Project Path="BuildingBlocks/tests/MatrixHosts/BareHost/BareHost.csproj" />
    <Project Path="BuildingBlocks/tests/MatrixHosts/EventsBusHost/EventsBusHost.csproj" />
    <Project Path="BuildingBlocks/tests/MatrixHosts/EventsHost/EventsHost.csproj" />
    <Project Path="BuildingBlocks/tests/MatrixHosts/StateBusHost/StateBusHost.csproj" />
    <Project Path="BuildingBlocks/tests/MatrixHosts/StateHost/StateHost.csproj" />
  </Folder>
  <Folder Name="/samples/">
    <Project Path="samples/VitalSync.Sample.Contracts/VitalSync.Sample.Contracts.csproj" />
    <Project Path="samples/VitalSync.Samples.AppHost/VitalSync.Samples.AppHost.csproj" />
  </Folder>
  <Folder Name="/samples/EventSourced/">
    <Project Path="samples/EventSourced/VitalSync.Sample.EventSourced.Api/VitalSync.Sample.EventSourced.Api.csproj" />
    <Project Path="samples/EventSourced/VitalSync.Sample.EventSourced.Application/VitalSync.Sample.EventSourced.Application.csproj" />
    <Project Path="samples/EventSourced/VitalSync.Sample.EventSourced.Contracts/VitalSync.Sample.EventSourced.Contracts.csproj" />
    <Project Path="samples/EventSourced/VitalSync.Sample.EventSourced.Domain/VitalSync.Sample.EventSourced.Domain.csproj" />
    <Project Path="samples/EventSourced/VitalSync.Sample.EventSourced.Infrastructure/VitalSync.Sample.EventSourced.Infrastructure.csproj" />
    <Project Path="samples/EventSourced/VitalSync.Sample.EventSourced.MigrationService/VitalSync.Sample.EventSourced.MigrationService.csproj" />
    <Project Path="samples/EventSourced/VitalSync.Sample.EventSourced.Tests/VitalSync.Sample.EventSourced.Tests.csproj" />
  </Folder>
  <Folder Name="/samples/StateStored/">
    <Project Path="samples/StateStored/VitalSync.Sample.StateStored.Api/VitalSync.Sample.StateStored.Api.csproj" />
    <Project Path="samples/StateStored/VitalSync.Sample.StateStored.Application/VitalSync.Sample.StateStored.Application.csproj" />
    <Project Path="samples/StateStored/VitalSync.Sample.StateStored.Contracts/VitalSync.Sample.StateStored.Contracts.csproj" />
    <Project Path="samples/StateStored/VitalSync.Sample.StateStored.Domain/VitalSync.Sample.StateStored.Domain.csproj" />
    <Project Path="samples/StateStored/VitalSync.Sample.StateStored.Infrastructure/VitalSync.Sample.StateStored.Infrastructure.csproj" />
    <Project Path="samples/StateStored/VitalSync.Sample.StateStored.MigrationService/VitalSync.Sample.StateStored.MigrationService.csproj" />
    <Project Path="samples/StateStored/VitalSync.Sample.StateStored.Tests/VitalSync.Sample.StateStored.Tests.csproj" />
  </Folder>
  <Folder Name="/src/" />
  <Folder Name="/src/Aspire/">
    <Project Path="src/Aspire/VitalSync.AppHost/VitalSync.AppHost.csproj" />
    <Project Path="src/Aspire/VitalSync.ServiceDefaults/VitalSync.ServiceDefaults.csproj" />
  </Folder>
  <Folder Name="/src/Bff/">
    <Project Path="src/Bff/VitalSync.Bff/VitalSync.Bff.csproj" />
  </Folder>
  <Folder Name="/src/Frontend/">
    <Project Path="src/Frontend/VitalSync.Web/VitalSync.Web.csproj" />
  </Folder>
  <Folder Name="/src/Services/" />
  <Folder Name="/src/Services/Analytics/">
    <Project Path="src/Services/Analytics/VitalSync.Analytics.Api/VitalSync.Analytics.Api.csproj" />
    <Project Path="src/Services/Analytics/VitalSync.Analytics.MigrationService/VitalSync.Analytics.MigrationService.csproj" />
  </Folder>
  <Folder Name="/src/Services/Fitness/">
    <Project Path="src/Services/Fitness/VitalSync.Fitness.Api/VitalSync.Fitness.Api.csproj" />
    <Project Path="src/Services/Fitness/VitalSync.Fitness.MigrationService/VitalSync.Fitness.MigrationService.csproj" />
  </Folder>
  <Folder Name="/src/Services/Nutrition/">
    <Project Path="src/Services/Nutrition/VitalSync.Nutrition.Api/VitalSync.Nutrition.Api.csproj" />
    <Project Path="src/Services/Nutrition/VitalSync.Nutrition.MigrationService/VitalSync.Nutrition.MigrationService.csproj" />
  </Folder>
  <Folder Name="/tests/">
    <Project Path="tests/VitalSync.ServiceDefaults.Tests/VitalSync.ServiceDefaults.Tests.csproj" />
  </Folder>
</Solution>
