<Solution>
  <Folder Name="/src/">
    <Project Path="src/GaWeCodes.Application/GaWeCodes.Application.csproj" />
    <Project Path="src/GaWeCodes.Core/GaWeCodes.Core.csproj" />
    <Project Path="src/GaWeCodes.Domain/GaWeCodes.Domain.csproj" />
    <Project Path="src/GaWeCodes.Messaging.RabbitMq/GaWeCodes.Messaging.RabbitMq.csproj" />
    <Project Path="src/GaWeCodes.Persistence.EfCore/GaWeCodes.Persistence.EfCore.csproj" />
    <Project Path="src/GaWeCodes.Persistence.EfCore.Postgres/GaWeCodes.Persistence.EfCore.Postgres.csproj" />
    <Project Path="src/GaWeCodes.Persistence.Marten/GaWeCodes.Persistence.Marten.csproj" />
    <Project Path="src/GaWeCodes.Persistence.Npgsql/GaWeCodes.Persistence.Npgsql.csproj" />
    <Project Path="src/GaWeCodes.Testing/GaWeCodes.Testing.csproj" />
    <Project Path="src/GaWeCodes.Wolverine/GaWeCodes.Wolverine.csproj" />
  </Folder>
  <Folder Name="/tests/">
    <Project Path="tests/GaWeCodes.Application.Tests/GaWeCodes.Application.Tests.csproj" />
    <Project Path="tests/GaWeCodes.Core.Tests/GaWeCodes.Core.Tests.csproj" />
    <Project Path="tests/GaWeCodes.Domain.Tests/GaWeCodes.Domain.Tests.csproj" />
    <Project Path="tests/GaWeCodes.Messaging.RabbitMq.Tests/GaWeCodes.Messaging.RabbitMq.Tests.csproj" />
    <Project Path="tests/GaWeCodes.PackageConventions.Tests/GaWeCodes.PackageConventions.Tests.csproj" />
    <Project Path="tests/GaWeCodes.Persistence.EfCore.Postgres.Tests/GaWeCodes.Persistence.EfCore.Postgres.Tests.csproj" />
    <Project Path="tests/GaWeCodes.Persistence.EfCore.Tests/GaWeCodes.Persistence.EfCore.Tests.csproj" />
    <Project Path="tests/GaWeCodes.Persistence.Marten.Tests/GaWeCodes.Persistence.Marten.Tests.csproj" />
    <Project Path="tests/GaWeCodes.Testing.Tests/GaWeCodes.Testing.Tests.csproj" />
    <Project Path="tests/GaWeCodes.Wolverine.Tests/GaWeCodes.Wolverine.Tests.csproj" />
  </Folder>
  <Folder Name="/tests/Support/">
    <Project Path="tests/GaWeCodes.Tests.Containers/GaWeCodes.Tests.Containers.csproj" />
    <Project Path="tests/GaWeCodes.Tests.EfCore/GaWeCodes.Tests.EfCore.csproj" />
    <Project Path="tests/GaWeCodes.Tests.Support/GaWeCodes.Tests.Support.csproj" />
  </Folder>
  <Folder Name="/tests/ExternalAssemblies/">
    <Project Path="tests/ExternalAssemblies/AmbiguousRequestsFixture/AmbiguousRequestsFixture.csproj" />
    <Project Path="tests/ExternalAssemblies/ConflictingHandlersFixture/ConflictingHandlersFixture.csproj" />
    <Project Path="tests/ExternalAssemblies/DeadLetterFixture/DeadLetterFixture.csproj" />
    <Project Path="tests/ExternalAssemblies/HullFixture/HullFixture.csproj" />
    <Project Path="tests/ExternalAssemblies/OrphanRequestsFixture/OrphanRequestsFixture.csproj" />
    <Project Path="tests/ExternalAssemblies/SchemaFixture/SchemaFixture.csproj" />
    <Project Path="tests/ExternalAssemblies/SchemaGapFixture/SchemaGapFixture.csproj" />
    <Project Path="tests/ExternalAssemblies/ValidHandlersFixture/ValidHandlersFixture.csproj" />
  </Folder>
  <Folder Name="/tests/MatrixHosts/">
    <Project Path="tests/MatrixHosts/BareHost/BareHost.csproj" />
    <Project Path="tests/MatrixHosts/ContractsHost/ContractsHost.csproj" />
    <Project Path="tests/MatrixHosts/DomainOnlyHost/DomainOnlyHost.csproj" />
    <Project Path="tests/MatrixHosts/EventsBusHost/EventsBusHost.csproj" />
    <Project Path="tests/MatrixHosts/EventsHost/EventsHost.csproj" />
    <Project Path="tests/MatrixHosts/ForeignBrokerHost/ForeignBrokerHost.csproj" />
    <Project Path="tests/MatrixHosts/ForeignStoreHost/ForeignStoreHost.csproj" />
    <Project Path="tests/MatrixHosts/StateBusHost/StateBusHost.csproj" />
    <Project Path="tests/MatrixHosts/StateHost/StateHost.csproj" />
  </Folder>
</Solution>
