<Solution>
  <Folder Name="/src/">
    <Project Path="src/BuildingBlocks.Application/BuildingBlocks.Application.csproj" />
    <Project Path="src/BuildingBlocks.Domain/BuildingBlocks.Domain.csproj" />
    <Project Path="src/BuildingBlocks.EventSourcing.Marten/BuildingBlocks.EventSourcing.Marten.csproj" />
    <Project Path="src/BuildingBlocks.Infrastructure/BuildingBlocks.Infrastructure.csproj" />
    <Project Path="src/BuildingBlocks.Messaging.Wolverine.RabbitMq/BuildingBlocks.Messaging.Wolverine.RabbitMq.csproj" />
    <Project Path="src/BuildingBlocks.Persistence.Adapters/BuildingBlocks.Persistence.Adapters.csproj" />
    <Project Path="src/BuildingBlocks.Persistence.EfCore.Postgres/BuildingBlocks.Persistence.EfCore.Postgres.csproj" />
    <Project Path="src/BuildingBlocks.Runtime.Wolverine/BuildingBlocks.Runtime.Wolverine.csproj" />
  </Folder>
  <Folder Name="/tests/">
    <Project Path="tests/BuildingBlocks.Application.Tests/BuildingBlocks.Application.Tests.csproj" />
    <Project Path="tests/BuildingBlocks.Domain.Tests/BuildingBlocks.Domain.Tests.csproj" />
    <Project Path="tests/BuildingBlocks.Infrastructure.Tests/BuildingBlocks.Infrastructure.Tests.csproj" />
    <Project Path="tests/BuildingBlocks.EventSourcing.Marten.Tests/BuildingBlocks.EventSourcing.Marten.Tests.csproj" />
    <Project Path="tests/BuildingBlocks.Messaging.Wolverine.RabbitMq.Tests/BuildingBlocks.Messaging.Wolverine.RabbitMq.Tests.csproj" />
    <Project Path="tests/BuildingBlocks.PackageConventions.Tests/BuildingBlocks.PackageConventions.Tests.csproj" />
    <Project Path="tests/BuildingBlocks.Persistence.Adapters.Tests/BuildingBlocks.Persistence.Adapters.Tests.csproj" />
    <Project Path="tests/BuildingBlocks.Persistence.EfCore.Postgres.Tests/BuildingBlocks.Persistence.EfCore.Postgres.Tests.csproj" />
    <Project Path="tests/BuildingBlocks.Runtime.Wolverine.Tests/BuildingBlocks.Runtime.Wolverine.Tests.csproj" />
    <Project Path="tests/BuildingBlocks.TestSupport/BuildingBlocks.TestSupport.csproj" />
    <Project Path="tests/BuildingBlocks.TestSupport.Containers/BuildingBlocks.TestSupport.Containers.csproj" />
    <Project Path="tests/BuildingBlocks.TestSupport.EfCore/BuildingBlocks.TestSupport.EfCore.csproj" />
  </Folder>
  <Folder Name="/tests/ExternalAssemblies/">
    <Project Path="tests/ExternalAssemblies/AmbiguousRequestsFixture/AmbiguousRequestsFixture.csproj" />
    <Project Path="tests/ExternalAssemblies/ConflictingHandlersFixture/ConflictingHandlersFixture.csproj" />
    <Project Path="tests/ExternalAssemblies/DeadLetterFixture/DeadLetterFixture.csproj" />
    <Project Path="tests/ExternalAssemblies/HullFixture/HullFixture.csproj" />
    <Project Path="tests/ExternalAssemblies/OrphanRequestsFixture/OrphanRequestsFixture.csproj" />
    <Project Path="tests/ExternalAssemblies/SchemaFixture/SchemaFixture.csproj" />
    <Project Path="tests/ExternalAssemblies/SchemaGapFixture/SchemaGapFixture.csproj" />
    <Project Path="tests/ExternalAssemblies/ValidHandlersFixture/ValidHandlersFixture.csproj" />
  </Folder>
  <Folder Name="/tests/MatrixHosts/">
    <Project Path="tests/MatrixHosts/BareHost/BareHost.csproj" />
    <Project Path="tests/MatrixHosts/EventsBusHost/EventsBusHost.csproj" />
    <Project Path="tests/MatrixHosts/EventsHost/EventsHost.csproj" />
    <Project Path="tests/MatrixHosts/StateBusHost/StateBusHost.csproj" />
    <Project Path="tests/MatrixHosts/StateHost/StateHost.csproj" />
  </Folder>
</Solution>
