<Solution>
  <Folder Name="/src/">
    <Project Path="src/GaWeCodes.Application/GaWeCodes.Application.csproj" />
    <Project Path="src/GaWeCodes.Domain/GaWeCodes.Domain.csproj" />
    <Project Path="src/GaWeCodes.EventSourcing.Marten/GaWeCodes.EventSourcing.Marten.csproj" />
    <Project Path="src/GaWeCodes.Composition/GaWeCodes.Composition.csproj" />
    <Project Path="src/GaWeCodes.Messaging.RabbitMq/GaWeCodes.Messaging.RabbitMq.csproj" />
    <Project Path="src/GaWeCodes.Persistence/GaWeCodes.Persistence.csproj" />
    <Project Path="src/GaWeCodes.Persistence.EfCore.Postgres/GaWeCodes.Persistence.EfCore.Postgres.csproj" />
    <Project Path="src/GaWeCodes.Runtime.Wolverine/GaWeCodes.Runtime.Wolverine.csproj" />
  </Folder>
  <Folder Name="/tests/">
    <Project Path="tests/GaWeCodes.Application.Tests/GaWeCodes.Application.Tests.csproj" />
    <Project Path="tests/GaWeCodes.Domain.Tests/GaWeCodes.Domain.Tests.csproj" />
    <Project Path="tests/GaWeCodes.Composition.Tests/GaWeCodes.Composition.Tests.csproj" />
    <Project Path="tests/GaWeCodes.EventSourcing.Marten.Tests/GaWeCodes.EventSourcing.Marten.Tests.csproj" />
    <Project Path="tests/GaWeCodes.Messaging.RabbitMq.Tests/GaWeCodes.Messaging.RabbitMq.Tests.csproj" />
    <Project Path="tests/GaWeCodes.PackageConventions.Tests/GaWeCodes.PackageConventions.Tests.csproj" />
    <Project Path="tests/GaWeCodes.Persistence.Tests/GaWeCodes.Persistence.Tests.csproj" />
    <Project Path="tests/GaWeCodes.Persistence.EfCore.Postgres.Tests/GaWeCodes.Persistence.EfCore.Postgres.Tests.csproj" />
    <Project Path="tests/GaWeCodes.Runtime.Wolverine.Tests/GaWeCodes.Runtime.Wolverine.Tests.csproj" />
    <Project Path="tests/GaWeCodes.TestSupport/GaWeCodes.TestSupport.csproj" />
    <Project Path="tests/GaWeCodes.TestSupport.Containers/GaWeCodes.TestSupport.Containers.csproj" />
    <Project Path="tests/GaWeCodes.TestSupport.EfCore/GaWeCodes.TestSupport.EfCore.csproj" />
  </Folder>
  <Folder Name="/tests/ExternalAssemblies/">
    <Project Path="tests/ExternalAssemblies/AmbiguousRequestsFixture/AmbiguousRequestsFixture.csproj" />
    <Project Path="tests/ExternalAssemblies/ConflictingHandlersFixture/ConflictingHandlersFixture.csproj" />
    <Project Path="tests/ExternalAssemblies/DeadLetterFixture/DeadLetterFixture.csproj" />
    <Project Path="tests/ExternalAssemblies/HullFixture/HullFixture.csproj" />
    <Project Path="tests/ExternalAssemblies/OrphanRequestsFixture/OrphanRequestsFixture.csproj" />
    <Project Path="tests/ExternalAssemblies/SchemaFixture/SchemaFixture.csproj" />
    <Project Path="tests/ExternalAssemblies/SchemaGapFixture/SchemaGapFixture.csproj" />
    <Project Path="tests/ExternalAssemblies/ValidHandlersFixture/ValidHandlersFixture.csproj" />
  </Folder>
  <Folder Name="/tests/MatrixHosts/">
    <Project Path="tests/MatrixHosts/BareHost/BareHost.csproj" />
    <Project Path="tests/MatrixHosts/EventsBusHost/EventsBusHost.csproj" />
    <Project Path="tests/MatrixHosts/EventsHost/EventsHost.csproj" />
    <Project Path="tests/MatrixHosts/StateBusHost/StateBusHost.csproj" />
    <Project Path="tests/MatrixHosts/StateHost/StateHost.csproj" />
  </Folder>
</Solution>
